
Microsoft Visual Studio Solution File, Format Version 12.00
# Visual Studio Version 16
VisualStudioVersion = 16.0.31025.194
MinimumVisualStudioVersion = 10.0.40219.1
Project("{FAE04EC0-301F-11D3-BF4B-00C04F79EFBC}") = "TantosHousingProject", "TantosHousingProject\TantosHousingProject.csproj", "{B9EC4AB8-DB2E-417D-B328-8B59E66DE29B}"
EndProject
Global
	GlobalSection(SolutionConfigurationPlatforms) = preSolution
		Debug|Any CPU = Debug|Any CPU
		Release|Any CPU = Release|Any CPU
	EndGlobalSection
	GlobalSection(ProjectConfigurationPlatforms) = postSolution
		{B9EC4AB8-DB2E-417D-B328-8B59E66DE29B}.Debug|Any CPU.ActiveCfg = Debug|Any CPU
		{B9EC4AB8-DB2E-417D-B328-8B59E66DE29B}.Debug|Any CPU.Build.0 = Debug|Any CPU
		{B9EC4AB8-DB2E-417D-B328-8B59E66DE29B}.Release|Any CPU.ActiveCfg = Release|Any CPU
		{B9EC4AB8-DB2E-417D-B328-8B59E66DE29B}.Release|Any CPU.Build.0 = Release|Any CPU
	EndGlobalSection
	GlobalSection(SolutionProperties) = preSolution
		HideSolutionNode = FALSE
	EndGlobalSection
	GlobalSection(ExtensibilityGlobals) = postSolution
		SolutionGuid = {1E788675-9C29-445E-82A4-9FC69D61154C}
	EndGlobalSection
EndGlobal
